
Microsoft Visual Studio Solution File, Format Version 12.00
# Visual Studio Version 16
VisualStudioVersion = 16.0.31424.327
MinimumVisualStudioVersion = 10.0.40219.1
Project("{FAE04EC0-301F-11D3-BF4B-00C04F79EFBC}") = "Day01", "Day01\Day01.csproj", "{A798B088-7CF3-4EBB-87D2-9EC34A8F0D2E}"
EndProject
Global
	GlobalSection(SolutionConfigurationPlatforms) = preSolution
		Debug|Any CPU = Debug|Any CPU
		Release|Any CPU = Release|Any CPU
	EndGlobalSection
	GlobalSection(ProjectConfigurationPlatforms) = postSolution
		{A798B088-7CF3-4EBB-87D2-9EC34A8F0D2E}.Debug|Any CPU.ActiveCfg = Debug|Any CPU
		{A798B088-7CF3-4EBB-87D2-9EC34A8F0D2E}.Debug|Any CPU.Build.0 = Debug|Any CPU
		{A798B088-7CF3-4EBB-87D2-9EC34A8F0D2E}.Release|Any CPU.ActiveCfg = Release|Any CPU
		{A798B088-7CF3-4EBB-87D2-9EC34A8F0D2E}.Release|Any CPU.Build.0 = Release|Any CPU
	EndGlobalSection
	GlobalSection(SolutionProperties) = preSolution
		HideSolutionNode = FALSE
	EndGlobalSection
	GlobalSection(ExtensibilityGlobals) = postSolution
		SolutionGuid = {72987F7A-EABA-4846-B016-624B5BC232F4}
	EndGlobalSection
EndGlobal
